
Microsoft Visual Studio Solution File, Format Version 12.00
# Visual Studio Version 16
VisualStudioVersion = 16.0.30907.101
MinimumVisualStudioVersion = 10.0.40219.1
Project("{FAE04EC0-301F-11D3-BF4B-00C04F79EFBC}") = "WebBioskop", "WebBioskop\WebBioskop.csproj", "{1E0BDC8F-8F0B-4B2E-9768-9B32815D9F26}"
EndProject
Global
	GlobalSection(SolutionConfigurationPlatforms) = preSolution
		Debug|Any CPU = Debug|Any CPU
		Release|Any CPU = Release|Any CPU
	EndGlobalSection
	GlobalSection(ProjectConfigurationPlatforms) = postSolution
		{1E0BDC8F-8F0B-4B2E-9768-9B32815D9F26}.Debug|Any CPU.ActiveCfg = Debug|Any CPU
		{1E0BDC8F-8F0B-4B2E-9768-9B32815D9F26}.Debug|Any CPU.Build.0 = Debug|Any CPU
		{1E0BDC8F-8F0B-4B2E-9768-9B32815D9F26}.Release|Any CPU.ActiveCfg = Release|Any CPU
		{1E0BDC8F-8F0B-4B2E-9768-9B32815D9F26}.Release|Any CPU.Build.0 = Release|Any CPU
	EndGlobalSection
	GlobalSection(SolutionProperties) = preSolution
		HideSolutionNode = FALSE
	EndGlobalSection
	GlobalSection(ExtensibilityGlobals) = postSolution
		SolutionGuid = {0BB453CA-9776-4D52-8BE1-0C294814D7BE}
	EndGlobalSection
EndGlobal
